// !$*UTF8*$!
{
	archiveVersion = 1;
	classes = {
	};
	objectVersion = 55;
	objects = {

/* Begin PBXBuildFile section */
		CA34E1B028354A1900E82A72 /* Musica.swift in Sources */ = {isa = PBXBuildFile; fileRef = CA34E1AF28354A1900E82A72 /* Musica.swift */; };
		CA34E1B228356B0500E82A72 /* ListMusicViewController.swift in Sources */ = {isa = PBXBuildFile; fileRef = CA34E1B128356B0500E82A72 /* ListMusicViewController.swift */; };
		CA34E1B428358DF500E82A72 /* PlaylistCollectionViewCell.swift in Sources */ = {isa = PBXBuildFile; fileRef = CA34E1B328358DF500E82A72 /* PlaylistCollectionViewCell.swift */; };
		CA7A30832856D2F3009F6D1E /* Crack Baby.mp3 in Resources */ = {isa = PBXBuildFile; fileRef = CA7A30822856D2F3009F6D1E /* Crack Baby.mp3 */; };
		CA7A30872856D6DC009F6D1E /* I Will.mp3 in Resources */ = {isa = PBXBuildFile; fileRef = CA7A30862856D6DC009F6D1E /* I Will.mp3 */; };
		CA7A30892856E6CA009F6D1E /* FavoriteCollectionViewCell.swift in Sources */ = {isa = PBXBuildFile; fileRef = CA7A30882856E6CA009F6D1E /* FavoriteCollectionViewCell.swift */; };
		CA7A308B2856E7B5009F6D1E /* FavoriteViewController.swift in Sources */ = {isa = PBXBuildFile; fileRef = CA7A308A2856E7B5009F6D1E /* FavoriteViewController.swift */; };
		CA7A308D2856FAC6009F6D1E /* Favoritos.swift in Sources */ = {isa = PBXBuildFile; fileRef = CA7A308C2856FAC6009F6D1E /* Favoritos.swift */; };
		CAB1957E2832D8D30032E297 /* AppDelegate.swift in Sources */ = {isa = PBXBuildFile; fileRef = CAB1957D2832D8D30032E297 /* AppDelegate.swift */; };
		CAB195802832D8D30032E297 /* SceneDelegate.swift in Sources */ = {isa = PBXBuildFile; fileRef = CAB1957F2832D8D30032E297 /* SceneDelegate.swift */; };
		CAB195822832D8D30032E297 /* HomeViewController.swift in Sources */ = {isa = PBXBuildFile; fileRef = CAB195812832D8D30032E297 /* HomeViewController.swift */; };
		CAB195852832D8D30032E297 /* Main.storyboard in Resources */ = {isa = PBXBuildFile; fileRef = CAB195832832D8D30032E297 /* Main.storyboard */; };
		CAB195872832D8D40032E297 /* Assets.xcassets in Resources */ = {isa = PBXBuildFile; fileRef = CAB195862832D8D40032E297 /* Assets.xcassets */; };
		CAB1958A2832D8D40032E297 /* LaunchScreen.storyboard in Resources */ = {isa = PBXBuildFile; fileRef = CAB195882832D8D40032E297 /* LaunchScreen.storyboard */; };
		CAB195962834326F0032E297 /* Categoria.swift in Sources */ = {isa = PBXBuildFile; fileRef = CAB195952834326F0032E297 /* Categoria.swift */; };
		CAB19598283437550032E297 /* CollectionViewCell.swift in Sources */ = {isa = PBXBuildFile; fileRef = CAB19597283437550032E297 /* CollectionViewCell.swift */; };
/* End PBXBuildFile section */

/* Begin PBXFileReference section */
		CA34E1AF28354A1900E82A72 /* Musica.swift */ = {isa = PBXFileReference; lastKnownFileType = sourcecode.swift; path = Musica.swift; sourceTree = "<group>"; };
		CA34E1B128356B0500E82A72 /* ListMusicViewController.swift */ = {isa = PBXFileReference; lastKnownFileType = sourcecode.swift; path = ListMusicViewController.swift; sourceTree = "<group>"; };
		CA34E1B328358DF500E82A72 /* PlaylistCollectionViewCell.swift */ = {isa = PBXFileReference; lastKnownFileType = sourcecode.swift; path = PlaylistCollectionViewCell.swift; sourceTree = "<group>"; };
		CA7A30822856D2F3009F6D1E /* Crack Baby.mp3 */ = {isa = PBXFileReference; lastKnownFileType = audio.mp3; path = "Crack Baby.mp3"; sourceTree = "<group>"; };
		CA7A30862856D6DC009F6D1E /* I Will.mp3 */ = {isa = PBXFileReference; lastKnownFileType = audio.mp3; path = "I Will.mp3"; sourceTree = "<group>"; };
		CA7A30882856E6CA009F6D1E /* FavoriteCollectionViewCell.swift */ = {isa = PBXFileReference; lastKnownFileType = sourcecode.swift; path = FavoriteCollectionViewCell.swift; sourceTree = "<group>"; };
		CA7A308A2856E7B5009F6D1E /* FavoriteViewController.swift */ = {isa = PBXFileReference; lastKnownFileType = sourcecode.swift; path = FavoriteViewController.swift; sourceTree = "<group>"; };
		CA7A308C2856FAC6009F6D1E /* Favoritos.swift */ = {isa = PBXFileReference; lastKnownFileType = sourcecode.swift; path = Favoritos.swift; sourceTree = "<group>"; };
		CAB1957A2832D8D30032E297 /* Baby Rhythm.app */ = {isa = PBXFileReference; explicitFileType = wrapper.application; includeInIndex = 0; path = "Baby Rhythm.app"; sourceTree = BUILT_PRODUCTS_DIR; };
		CAB1957D2832D8D30032E297 /* AppDelegate.swift */ = {isa = PBXFileReference; lastKnownFileType = sourcecode.swift; path = AppDelegate.swift; sourceTree = "<group>"; };
		CAB1957F2832D8D30032E297 /* SceneDelegate.swift */ = {isa = PBXFileReference; lastKnownFileType = sourcecode.swift; path = SceneDelegate.swift; sourceTree = "<group>"; };
		CAB195812832D8D30032E297 /* HomeViewController.swift */ = {isa = PBXFileReference; lastKnownFileType = sourcecode.swift; path = HomeViewController.swift; sourceTree = "<group>"; };
		CAB195842832D8D30032E297 /* Base */ = {isa = PBXFileReference; lastKnownFileType = file.storyboard; name = Base; path = Base.lproj/Main.storyboard; sourceTree = "<group>"; };
		CAB195862832D8D40032E297 /* Assets.xcassets */ = {isa = PBXFileReference; lastKnownFileType = folder.assetcatalog; path = Assets.xcassets; sourceTree = "<group>"; };
		CAB195892832D8D40032E297 /* Base */ = {isa = PBXFileReference; lastKnownFileType = file.storyboard; name = Base; path = Base.lproj/LaunchScreen.storyboard; sourceTree = "<group>"; };
		CAB1958B2832D8D40032E297 /* Info.plist */ = {isa = PBXFileReference; lastKnownFileType = text.plist.xml; path = Info.plist; sourceTree = "<group>"; };
		CAB195952834326F0032E297 /* Categoria.swift */ = {isa = PBXFileReference; lastKnownFileType = sourcecode.swift; path = Categoria.swift; sourceTree = "<group>"; };
		CAB19597283437550032E297 /* CollectionViewCell.swift */ = {isa = PBXFileReference; lastKnownFileType = sourcecode.swift; path = CollectionViewCell.swift; sourceTree = "<group>"; };
/* End PBXFileReference section */

/* Begin PBXFrameworksBuildPhase section */
		CAB195772832D8D30032E297 /* Frameworks */ = {
			isa = PBXFrameworksBuildPhase;
			buildActionMask = 2147483647;
			files = (
			);
			runOnlyForDeploymentPostprocessing = 0;
		};
/* End PBXFrameworksBuildPhase section */

/* Begin PBXGroup section */
		CA4BD1CE2858335F007A2932 /* Musics */ = {
			isa = PBXGroup;
			children = (
				CA7A30822856D2F3009F6D1E /* Crack Baby.mp3 */,
				CA7A30862856D6DC009F6D1E /* I Will.mp3 */,
			);
			path = Musics;
			sourceTree = "<group>";
		};
		CAB195712832D8D30032E297 = {
			isa = PBXGroup;
			children = (
				CAB1957C2832D8D30032E297 /* Baby Rhythm */,
				CAB1957B2832D8D30032E297 /* Products */,
			);
			sourceTree = "<group>";
		};
		CAB1957B2832D8D30032E297 /* Products */ = {
			isa = PBXGroup;
			children = (
				CAB1957A2832D8D30032E297 /* Baby Rhythm.app */,
			);
			name = Products;
			sourceTree = "<group>";
		};
		CAB1957C2832D8D30032E297 /* Baby Rhythm */ = {
			isa = PBXGroup;
			children = (
				CA4BD1CE2858335F007A2932 /* Musics */,
				CAF02532283439B200493F04 /* Views */,
				CAF02533283439C600493F04 /* Controllers */,
				CAF02534283439E200493F04 /* Models */,
				CAF0253528343A0000493F04 /* Storyboards */,
				CAF0253628343A1500493F04 /* SupportingFiles */,
				CAB1958B2832D8D40032E297 /* Info.plist */,
			);
			path = "Baby Rhythm";
			sourceTree = "<group>";
		};
		CAF02532283439B200493F04 /* Views */ = {
			isa = PBXGroup;
			children = (
				CAB19597283437550032E297 /* CollectionViewCell.swift */,
				CA34E1B328358DF500E82A72 /* PlaylistCollectionViewCell.swift */,
				CA7A30882856E6CA009F6D1E /* FavoriteCollectionViewCell.swift */,
			);
			path = Views;
			sourceTree = "<group>";
		};
		CAF02533283439C600493F04 /* Controllers */ = {
			isa = PBXGroup;
			children = (
				CAB195812832D8D30032E297 /* HomeViewController.swift */,
				CA34E1B128356B0500E82A72 /* ListMusicViewController.swift */,
				CA7A308A2856E7B5009F6D1E /* FavoriteViewController.swift */,
			);
			path = Controllers;
			sourceTree = "<group>";
		};
		CAF02534283439E200493F04 /* Models */ = {
			isa = PBXGroup;
			children = (
				CAB195952834326F0032E297 /* Categoria.swift */,
				CA34E1AF28354A1900E82A72 /* Musica.swift */,
				CA7A308C2856FAC6009F6D1E /* Favoritos.swift */,
			);
			path = Models;
			sourceTree = "<group>";
		};
		CAF0253528343A0000493F04 /* Storyboards */ = {
			isa = PBXGroup;
			children = (
				CAB195832832D8D30032E297 /* Main.storyboard */,
			);
			path = Storyboards;
			sourceTree = "<group>";
		};
		CAF0253628343A1500493F04 /* SupportingFiles */ = {
			isa = PBXGroup;
			children = (
				CAB1957D2832D8D30032E297 /* AppDelegate.swift */,
				CAB1957F2832D8D30032E297 /* SceneDelegate.swift */,
				CAB195862832D8D40032E297 /* Assets.xcassets */,
				CAB195882832D8D40032E297 /* LaunchScreen.storyboard */,
			);
			path = SupportingFiles;
			sourceTree = "<group>";
		};
/* End PBXGroup section */

/* Begin PBXNativeTarget section */
		CAB195792832D8D30032E297 /* Baby Rhythm */ = {
			isa = PBXNativeTarget;
			buildConfigurationList = CAB1958E2832D8D40032E297 /* Build configuration list for PBXNativeTarget "Baby Rhythm" */;
			buildPhases = (
				CAB195762832D8D30032E297 /* Sources */,
				CAB195772832D8D30032E297 /* Frameworks */,
				CAB195782832D8D30032E297 /* Resources */,
			);
			buildRules = (
			);
			dependencies = (
			);
			name = "Baby Rhythm";
			productName = "Baby Rhythm";
			productReference = CAB1957A2832D8D30032E297 /* Baby Rhythm.app */;
			productType = "com.apple.product-type.application";
		};
/* End PBXNativeTarget section */

/* Begin PBXProject section */
		CAB195722832D8D30032E297 /* Project object */ = {
			isa = PBXProject;
			attributes = {
				BuildIndependentTargetsInParallel = 1;
				LastSwiftUpdateCheck = 1330;
				LastUpgradeCheck = 1330;
				TargetAttributes = {
					CAB195792832D8D30032E297 = {
						CreatedOnToolsVersion = 13.3.1;
					};
				};
			};
			buildConfigurationList = CAB195752832D8D30032E297 /* Build configuration list for PBXProject "Baby Rhythm" */;
			compatibilityVersion = "Xcode 13.0";
			developmentRegion = en;
			hasScannedForEncodings = 0;
			knownRegions = (
				en,
				Base,
			);
			mainGroup = CAB195712832D8D30032E297;
			productRefGroup = CAB1957B2832D8D30032E297 /* Products */;
			projectDirPath = "";
			projectRoot = "";
			targets = (
				CAB195792832D8D30032E297 /* Baby Rhythm */,
			);
		};
/* End PBXProject section */

/* Begin PBXResourcesBuildPhase section */
		CAB195782832D8D30032E297 /* Resources */ = {
			isa = PBXResourcesBuildPhase;
			buildActionMask = 2147483647;
			files = (
				CA7A30872856D6DC009F6D1E /* I Will.mp3 in Resources */,
				CAB1958A2832D8D40032E297 /* LaunchScreen.storyboard in Resources */,
				CAB195872832D8D40032E297 /* Assets.xcassets in Resources */,
				CA7A30832856D2F3009F6D1E /* Crack Baby.mp3 in Resources */,
				CAB195852832D8D30032E297 /* Main.storyboard in Resources */,
			);
			runOnlyForDeploymentPostprocessing = 0;
		};
/* End PBXResourcesBuildPhase section */

/* Begin PBXSourcesBuildPhase section */
		CAB195762832D8D30032E297 /* Sources */ = {
			isa = PBXSourcesBuildPhase;
			buildActionMask = 2147483647;
			files = (
				CA34E1B428358DF500E82A72 /* PlaylistCollectionViewCell.swift in Sources */,
				CAB19598283437550032E297 /* CollectionViewCell.swift in Sources */,
				CAB195822832D8D30032E297 /* HomeViewController.swift in Sources */,
				CA34E1B228356B0500E82A72 /* ListMusicViewController.swift in Sources */,
				CA7A308D2856FAC6009F6D1E /* Favoritos.swift in Sources */,
				CA7A308B2856E7B5009F6D1E /* FavoriteViewController.swift in Sources */,
				CA7A30892856E6CA009F6D1E /* FavoriteCollectionViewCell.swift in Sources */,
				CAB195962834326F0032E297 /* Categoria.swift in Sources */,
				CAB1957E2832D8D30032E297 /* AppDelegate.swift in Sources */,
				CAB195802832D8D30032E297 /* SceneDelegate.swift in Sources */,
				CA34E1B028354A1900E82A72 /* Musica.swift in Sources */,
			);
			runOnlyForDeploymentPostprocessing = 0;
		};
/* End PBXSourcesBuildPhase section */

/* Begin PBXVariantGroup section */
		CAB195832832D8D30032E297 /* Main.storyboard */ = {
			isa = PBXVariantGroup;
			children = (
				CAB195842832D8D30032E297 /* Base */,
			);
			name = Main.storyboard;
			sourceTree = "<group>";
		};
		CAB195882832D8D40032E297 /* LaunchScreen.storyboard */ = {
			isa = PBXVariantGroup;
			children = (
				CAB195892832D8D40032E297 /* Base */,
			);
			name = LaunchScreen.storyboard;
			sourceTree = "<group>";
		};
/* End PBXVariantGroup section */

/* Begin XCBuildConfiguration section */
		CAB1958C2832D8D40032E297 /* Debug */ = {
			isa = XCBuildConfiguration;
			buildSettings = {
				ALWAYS_SEARCH_USER_PATHS = NO;
				CLANG_ANALYZER_NONNULL = YES;
				CLANG_ANALYZER_NUMBER_OBJECT_CONVERSION = YES_AGGRESSIVE;
				CLANG_CXX_LANGUAGE_STANDARD = "gnu++17";
				CLANG_ENABLE_MODULES = YES;
				CLANG_ENABLE_OBJC_ARC = YES;
				CLANG_ENABLE_OBJC_WEAK = YES;
				CLANG_WARN_BLOCK_CAPTURE_AUTORELEASING = YES;
				CLANG_WARN_BOOL_CONVERSION = YES;
				CLANG_WARN_COMMA = YES;
				CLANG_WARN_CONSTANT_CONVERSION = YES;
				CLANG_WARN_DEPRECATED_OBJC_IMPLEMENTATIONS = YES;
				CLANG_WARN_DIRECT_OBJC_ISA_USAGE = YES_ERROR;
				CLANG_WARN_DOCUMENTATION_COMMENTS = YES;
				CLANG_WARN_EMPTY_BODY = YES;
				CLANG_WARN_ENUM_CONVERSION = YES;
				CLANG_WARN_INFINITE_RECURSION = YES;
				CLANG_WARN_INT_CONVERSION = YES;
				CLANG_WARN_NON_LITERAL_NULL_CONVERSION = YES;
				CLANG_WARN_OBJC_IMPLICIT_RETAIN_SELF = YES;
				CLANG_WARN_OBJC_LITERAL_CONVERSION = YES;
				CLANG_WARN_OBJC_ROOT_CLASS = YES_ERROR;
				CLANG_WARN_QUOTED_INCLUDE_IN_FRAMEWORK_HEADER = YES;
				CLANG_WARN_RANGE_LOOP_ANALYSIS = YES;
				CLANG_WARN_STRICT_PROTOTYPES = YES;
				CLANG_WARN_SUSPICIOUS_MOVE = YES;
				CLANG_WARN_UNGUARDED_AVAILABILITY = YES_AGGRESSIVE;
				CLANG_WARN_UNREACHABLE_CODE = YES;
				CLANG_WARN__DUPLICATE_METHOD_MATCH = YES;
				COPY_PHASE_STRIP = NO;
				DEBUG_INFORMATION_FORMAT = dwarf;
				ENABLE_STRICT_OBJC_MSGSEND = YES;
				ENABLE_TESTABILITY = YES;
				GCC_C_LANGUAGE_STANDARD = gnu11;
				GCC_DYNAMIC_NO_PIC = NO;
				GCC_NO_COMMON_BLOCKS = YES;
				GCC_OPTIMIZATION_LEVEL = 0;
				GCC_PREPROCESSOR_DEFINITIONS = (
					"DEBUG=1",
					"$(inherited)",
				);
				GCC_WARN_64_TO_32_BIT_CONVERSION = YES;
				GCC_WARN_ABOUT_RETURN_TYPE = YES_ERROR;
				GCC_WARN_UNDECLARED_SELECTOR = YES;
				GCC_WARN_UNINITIALIZED_AUTOS = YES_AGGRESSIVE;
				GCC_WARN_UNUSED_FUNCTION = YES;
				GCC_WARN_UNUSED_VARIABLE = YES;
				IPHONEOS_DEPLOYMENT_TARGET = 15.4;
				MTL_ENABLE_DEBUG_INFO = INCLUDE_SOURCE;
				MTL_FAST_MATH = YES;
				ONLY_ACTIVE_ARCH = YES;
				SDKROOT = iphoneos;
				SWIFT_ACTIVE_COMPILATION_CONDITIONS = DEBUG;
				SWIFT_OPTIMIZATION_LEVEL = "-Onone";
			};
			name = Debug;
		};
		CAB1958D2832D8D40032E297 /* Release */ = {
			isa = XCBuildConfiguration;
			buildSettings = {
				ALWAYS_SEARCH_USER_PATHS = NO;
				CLANG_ANALYZER_NONNULL = YES;
				CLANG_ANALYZER_NUMBER_OBJECT_CONVERSION = YES_AGGRESSIVE;
				CLANG_CXX_LANGUAGE_STANDARD = "gnu++17";
				CLANG_ENABLE_MODULES = YES;
				CLANG_ENABLE_OBJC_ARC = YES;
				CLANG_ENABLE_OBJC_WEAK = YES;
				CLANG_WARN_BLOCK_CAPTURE_AUTORELEASING = YES;
				CLANG_WARN_BOOL_CONVERSION = YES;
				CLANG_WARN_COMMA = YES;
				CLANG_WARN_CONSTANT_CONVERSION = YES;
				CLANG_WARN_DEPRECATED_OBJC_IMPLEMENTATIONS = YES;
				CLANG_WARN_DIRECT_OBJC_ISA_USAGE = YES_ERROR;
				CLANG_WARN_DOCUMENTATION_COMMENTS = YES;
				CLANG_WARN_EMPTY_BODY = YES;
				CLANG_WARN_ENUM_CONVERSION = YES;
				CLANG_WARN_INFINITE_RECURSION = YES;
				CLANG_WARN_INT_CONVERSION = YES;
				CLANG_WARN_NON_LITERAL_NULL_CONVERSION = YES;
				CLANG_WARN_OBJC_IMPLICIT_RETAIN_SELF = YES;
				CLANG_WARN_OBJC_LITERAL_CONVERSION = YES;
				CLANG_WARN_OBJC_ROOT_CLASS = YES_ERROR;
				CLANG_WARN_QUOTED_INCLUDE_IN_FRAMEWORK_HEADER = YES;
				CLANG_WARN_RANGE_LOOP_ANALYSIS = YES;
				CLANG_WARN_STRICT_PROTOTYPES = YES;
				CLANG_WARN_SUSPICIOUS_MOVE = YES;
				CLANG_WARN_UNGUARDED_AVAILABILITY = YES_AGGRESSIVE;
				CLANG_WARN_UNREACHABLE_CODE = YES;
				CLANG_WARN__DUPLICATE_METHOD_MATCH = YES;
				COPY_PHASE_STRIP = NO;
				DEBUG_INFORMATION_FORMAT = "dwarf-with-dsym";
				ENABLE_NS_ASSERTIONS = NO;
				ENABLE_STRICT_OBJC_MSGSEND = YES;
				GCC_C_LANGUAGE_STANDARD = gnu11;
				GCC_NO_COMMON_BLOCKS = YES;
				GCC_WARN_64_TO_32_BIT_CONVERSION = YES;
				GCC_WARN_ABOUT_RETURN_TYPE = YES_ERROR;
				GCC_WARN_UNDECLARED_SELECTOR = YES;
				GCC_WARN_UNINITIALIZED_AUTOS = YES_AGGRESSIVE;
				GCC_WARN_UNUSED_FUNCTION = YES;
				GCC_WARN_UNUSED_VARIABLE = YES;
				IPHONEOS_DEPLOYMENT_TARGET = 15.4;
				MTL_ENABLE_DEBUG_INFO = NO;
				MTL_FAST_MATH = YES;
				SDKROOT = iphoneos;
				SWIFT_COMPILATION_MODE = wholemodule;
				SWIFT_OPTIMIZATION_LEVEL = "-O";
				VALIDATE_PRODUCT = YES;
			};
			name = Release;
		};
		CAB1958F2832D8D40032E297 /* Debug */ = {
			isa = XCBuildConfiguration;
			buildSettings = {
				ASSETCATALOG_COMPILER_APPICON_NAME = AppIcon;
				ASSETCATALOG_COMPILER_GLOBAL_ACCENT_COLOR_NAME = AccentColor;
				CODE_SIGN_STYLE = Automatic;
				CURRENT_PROJECT_VERSION = 1;
				DEVELOPMENT_TEAM = CMWHQAT5B4;
				GENERATE_INFOPLIST_FILE = YES;
				INFOPLIST_FILE = "Baby Rhythm/Info.plist";
				INFOPLIST_KEY_UIApplicationSupportsIndirectInputEvents = YES;
				INFOPLIST_KEY_UILaunchStoryboardName = LaunchScreen;
				INFOPLIST_KEY_UIMainStoryboardFile = Main;
				INFOPLIST_KEY_UISupportedInterfaceOrientations_iPad = "UIInterfaceOrientationPortrait UIInterfaceOrientationPortraitUpsideDown UIInterfaceOrientationLandscapeLeft UIInterfaceOrientationLandscapeRight";
				INFOPLIST_KEY_UISupportedInterfaceOrientations_iPhone = "UIInterfaceOrientationPortrait UIInterfaceOrientationLandscapeLeft UIInterfaceOrientationLandscapeRight";
				LD_RUNPATH_SEARCH_PATHS = (
					"$(inherited)",
					"@executable_path/Frameworks",
				);
				MARKETING_VERSION = 0.1.0;
				PRODUCT_BUNDLE_IDENTIFIER = "br.ufpe.cin.academy.gfrm.Baby-Rhythm";
				PRODUCT_NAME = "$(TARGET_NAME)";
				SWIFT_EMIT_LOC_STRINGS = YES;
				SWIFT_VERSION = 5.0;
				TARGETED_DEVICE_FAMILY = 1;
			};
			name = Debug;
		};
		CAB195902832D8D40032E297 /* Release */ = {
			isa = XCBuildConfiguration;
			buildSettings = {
				ASSETCATALOG_COMPILER_APPICON_NAME = AppIcon;
				ASSETCATALOG_COMPILER_GLOBAL_ACCENT_COLOR_NAME = AccentColor;
				CODE_SIGN_STYLE = Automatic;
				CURRENT_PROJECT_VERSION = 1;
				DEVELOPMENT_TEAM = CMWHQAT5B4;
				GENERATE_INFOPLIST_FILE = YES;
				INFOPLIST_FILE = "Baby Rhythm/Info.plist";
				INFOPLIST_KEY_UIApplicationSupportsIndirectInputEvents = YES;
				INFOPLIST_KEY_UILaunchStoryboardName = LaunchScreen;
				INFOPLIST_KEY_UIMainStoryboardFile = Main;
				INFOPLIST_KEY_UISupportedInterfaceOrientations_iPad = "UIInterfaceOrientationPortrait UIInterfaceOrientationPortraitUpsideDown UIInterfaceOrientationLandscapeLeft UIInterfaceOrientationLandscapeRight";
				INFOPLIST_KEY_UISupportedInterfaceOrientations_iPhone = "UIInterfaceOrientationPortrait UIInterfaceOrientationLandscapeLeft UIInterfaceOrientationLandscapeRight";
				LD_RUNPATH_SEARCH_PATHS = (
					"$(inherited)",
					"@executable_path/Frameworks",
				);
				MARKETING_VERSION = 0.1.0;
				PRODUCT_BUNDLE_IDENTIFIER = "br.ufpe.cin.academy.gfrm.Baby-Rhythm";
				PRODUCT_NAME = "$(TARGET_NAME)";
				SWIFT_EMIT_LOC_STRINGS = YES;
				SWIFT_VERSION = 5.0;
				TARGETED_DEVICE_FAMILY = 1;
			};
			name = Release;
		};
/* End XCBuildConfiguration section */

/* Begin XCConfigurationList section */
		CAB195752832D8D30032E297 /* Build configuration list for PBXProject "Baby Rhythm" */ = {
			isa = XCConfigurationList;
			buildConfigurations = (
				CAB1958C2832D8D40032E297 /* Debug */,
				CAB1958D2832D8D40032E297 /* Release */,
			);
			defaultConfigurationIsVisible = 0;
			defaultConfigurationName = Release;
		};
		CAB1958E2832D8D40032E297 /* Build configuration list for PBXNativeTarget "Baby Rhythm" */ = {
			isa = XCConfigurationList;
			buildConfigurations = (
				CAB1958F2832D8D40032E297 /* Debug */,
				CAB195902832D8D40032E297 /* Release */,
			);
			defaultConfigurationIsVisible = 0;
			defaultConfigurationName = Release;
		};
/* End XCConfigurationList section */
	};
	rootObject = CAB195722832D8D30032E297 /* Project object */;
}
